# KALI WORKSPACE LOCK — P1b Hub Modularization
**Agent**: Kali
**Claimed**: 2026-06-14
**Domain**: omega-hub P1b — Extract gateway.py + middleware.py, restart Hivemind
**Status**: 🔴 IN PROGRESS
**Contact**: Direct chat (Commander Carmack is monitoring)
**Note**: Hivemind is DOWN — using file-based coordination
