# 🔱 Quality — Phase 2 Cleanup Workspace Lock
**Agent**: Quality
**Date**: 2026-06-14
**Status**: ACTIVE
**Mission**: Phase 2 Cleanup of data/coordination/
**Duration**: ~15 minutes
**Scope**: Delete zero-byte files, archive stale items, canonicalize knowledge_feed naming
**Hivemind**: DOWN (file-based ops)

## Lock Assertion
I, quality, claim the `data/coordination/` workspace for Phase 2 Cleanup operations.

**Start**: 2026-06-14T18:00:00Z
**Parallel agents**: Carmack (briefing only), Roc Racoon (Phase 1 extraction — distinct target set)
**No conflict**: Roc Racoon targets 15 specific files for extraction. I target cleanup of stale files, zero-byte files, naming convention fixes.

## Operations Plan
1. DELETE: 4 zero-byte files + 1 empty file (9 bytes)
2. ARCHIVE: sovereign_discovery_report.md (lowercase dupe)
3. ARCHIVE: 10 stale workspace locks (before Jun 7)
4. ARCHIVE: 10 stale ACK files (before Jun 7)
5. ARCHIVE: ~20 stale briefs/intermediate plans (before Jun 7)
6. RENAME: 6 KSIG_* files → lower-kebab in knowledge_feed/
7. UPDATE: KNOWLEDGE_MANIFEST.yaml for renamed files (no update needed — manifest doesn't reference KSIG files)
8. VERIFY: Phase 1 files untouched

## Operations Summary
- **DELETED**: 5 files (9 bytes permanently reclaimed)
- **ARCHIVED**: 57 files (383KB moved to archive/)
- **RENAMED**: 6 KSIG_* files → ksig-* lower-kebab in knowledge_feed/
- **REMOVED**: 1 empty directory (roc_racoon_audit_2/)
- **VERIFIED**: All 15 Phase 1 files intact
- **Result**: 129 → 71 files in coordination root (45% noise reduction)
- **Released**: 2026-06-14T18:30:00Z
